// !$*UTF8*$!
{
	archiveVersion = 1;
	classes = {
	};
	objectVersion = 56;
	objects = {

/* Begin PBXBuildFile section */
		EF0E8EEA2B854E2C001B5DFF /* extention + UITextField.swift in Sources */ = {isa = PBXBuildFile; fileRef = EF0E8EE92B854E2C001B5DFF /* extention + UITextField.swift */; };
		EF0E8F0E2B866F7D001B5DFF /* User.swift in Sources */ = {isa = PBXBuildFile; fileRef = EF0E8F0D2B866F7D001B5DFF /* User.swift */; };
		EF32A7D82B834E8C002C7B73 /* extention + LoginViewController.swift in Sources */ = {isa = PBXBuildFile; fileRef = EF32A7D72B834E8C002C7B73 /* extention + LoginViewController.swift */; };
		EF3B56A42B828715002133A3 /* WelcomeViewController.swift in Sources */ = {isa = PBXBuildFile; fileRef = EF3B56A32B828715002133A3 /* WelcomeViewController.swift */; };
		EF6D2C542B87F2D600A1C2E7 /* extention + ViewController.swift in Sources */ = {isa = PBXBuildFile; fileRef = EF6D2C532B87F2D600A1C2E7 /* extention + ViewController.swift */; };
		EF6D2C562B87F46700A1C2E7 /* ShortInfoViewController.swift in Sources */ = {isa = PBXBuildFile; fileRef = EF6D2C552B87F46700A1C2E7 /* ShortInfoViewController.swift */; };
		EF6D2C582B87F49400A1C2E7 /* BiographyViewController.swift in Sources */ = {isa = PBXBuildFile; fileRef = EF6D2C572B87F49400A1C2E7 /* BiographyViewController.swift */; };
		EF6D2C5C2B880C7200A1C2E7 /* WelcomeTabBarViewController.swift in Sources */ = {isa = PBXBuildFile; fileRef = EF6D2C5B2B880C7200A1C2E7 /* WelcomeTabBarViewController.swift */; };
		EFCC35392B8140E200FCE9C1 /* AppDelegate.swift in Sources */ = {isa = PBXBuildFile; fileRef = EFCC35382B8140E200FCE9C1 /* AppDelegate.swift */; };
		EFCC353B2B8140E200FCE9C1 /* SceneDelegate.swift in Sources */ = {isa = PBXBuildFile; fileRef = EFCC353A2B8140E200FCE9C1 /* SceneDelegate.swift */; };
		EFCC353D2B8140E200FCE9C1 /* LoginViewController.swift in Sources */ = {isa = PBXBuildFile; fileRef = EFCC353C2B8140E200FCE9C1 /* LoginViewController.swift */; };
		EFCC35402B8140E200FCE9C1 /* Main.storyboard in Resources */ = {isa = PBXBuildFile; fileRef = EFCC353E2B8140E200FCE9C1 /* Main.storyboard */; };
		EFCC35422B8140E300FCE9C1 /* Assets.xcassets in Resources */ = {isa = PBXBuildFile; fileRef = EFCC35412B8140E300FCE9C1 /* Assets.xcassets */; };
		EFCC35452B8140E300FCE9C1 /* LaunchScreen.storyboard in Resources */ = {isa = PBXBuildFile; fileRef = EFCC35432B8140E300FCE9C1 /* LaunchScreen.storyboard */; };
/* End PBXBuildFile section */

/* Begin PBXFileReference section */
		EF0E8EE92B854E2C001B5DFF /* extention + UITextField.swift */ = {isa = PBXFileReference; lastKnownFileType = sourcecode.swift; path = "extention + UITextField.swift"; sourceTree = "<group>"; };
		EF0E8F0D2B866F7D001B5DFF /* User.swift */ = {isa = PBXFileReference; lastKnownFileType = sourcecode.swift; path = User.swift; sourceTree = "<group>"; };
		EF32A7D72B834E8C002C7B73 /* extention + LoginViewController.swift */ = {isa = PBXFileReference; lastKnownFileType = sourcecode.swift; path = "extention + LoginViewController.swift"; sourceTree = "<group>"; };
		EF3B56A32B828715002133A3 /* WelcomeViewController.swift */ = {isa = PBXFileReference; lastKnownFileType = sourcecode.swift; path = WelcomeViewController.swift; sourceTree = "<group>"; };
		EF6D2C532B87F2D600A1C2E7 /* extention + ViewController.swift */ = {isa = PBXFileReference; lastKnownFileType = sourcecode.swift; path = "extention + ViewController.swift"; sourceTree = "<group>"; };
		EF6D2C552B87F46700A1C2E7 /* ShortInfoViewController.swift */ = {isa = PBXFileReference; lastKnownFileType = sourcecode.swift; path = ShortInfoViewController.swift; sourceTree = "<group>"; };
		EF6D2C572B87F49400A1C2E7 /* BiographyViewController.swift */ = {isa = PBXFileReference; lastKnownFileType = sourcecode.swift; path = BiographyViewController.swift; sourceTree = "<group>"; };
		EF6D2C5B2B880C7200A1C2E7 /* WelcomeTabBarViewController.swift */ = {isa = PBXFileReference; lastKnownFileType = sourcecode.swift; path = WelcomeTabBarViewController.swift; sourceTree = "<group>"; };
		EFCC35352B8140E200FCE9C1 /* HW2-Bio.app */ = {isa = PBXFileReference; explicitFileType = wrapper.application; includeInIndex = 0; path = "HW2-Bio.app"; sourceTree = BUILT_PRODUCTS_DIR; };
		EFCC35382B8140E200FCE9C1 /* AppDelegate.swift */ = {isa = PBXFileReference; lastKnownFileType = sourcecode.swift; path = AppDelegate.swift; sourceTree = "<group>"; };
		EFCC353A2B8140E200FCE9C1 /* SceneDelegate.swift */ = {isa = PBXFileReference; lastKnownFileType = sourcecode.swift; path = SceneDelegate.swift; sourceTree = "<group>"; };
		EFCC353C2B8140E200FCE9C1 /* LoginViewController.swift */ = {isa = PBXFileReference; lastKnownFileType = sourcecode.swift; path = LoginViewController.swift; sourceTree = "<group>"; };
		EFCC353F2B8140E200FCE9C1 /* Base */ = {isa = PBXFileReference; lastKnownFileType = file.storyboard; name = Base; path = Base.lproj/Main.storyboard; sourceTree = "<group>"; };
		EFCC35412B8140E300FCE9C1 /* Assets.xcassets */ = {isa = PBXFileReference; lastKnownFileType = folder.assetcatalog; path = Assets.xcassets; sourceTree = "<group>"; };
		EFCC35442B8140E300FCE9C1 /* Base */ = {isa = PBXFileReference; lastKnownFileType = file.storyboard; name = Base; path = Base.lproj/LaunchScreen.storyboard; sourceTree = "<group>"; };
		EFCC35462B8140E300FCE9C1 /* Info.plist */ = {isa = PBXFileReference; lastKnownFileType = text.plist.xml; path = Info.plist; sourceTree = "<group>"; };
/* End PBXFileReference section */

/* Begin PBXFrameworksBuildPhase section */
		EFCC35322B8140E200FCE9C1 /* Frameworks */ = {
			isa = PBXFrameworksBuildPhase;
			buildActionMask = 2147483647;
			files = (
			);
			runOnlyForDeploymentPostprocessing = 0;
		};
/* End PBXFrameworksBuildPhase section */

/* Begin PBXGroup section */
		EF7BB0B52B88D7C400702496 /* Models */ = {
			isa = PBXGroup;
			children = (
				EF0E8F0D2B866F7D001B5DFF /* User.swift */,
			);
			path = Models;
			sourceTree = "<group>";
		};
		EF7BB0B62B88D7DB00702496 /* ViewControllers */ = {
			isa = PBXGroup;
			children = (
				EF7BB0B82B88D82E00702496 /* Extention */,
				EFCC353C2B8140E200FCE9C1 /* LoginViewController.swift */,
				EF3B56A32B828715002133A3 /* WelcomeViewController.swift */,
				EF6D2C5B2B880C7200A1C2E7 /* WelcomeTabBarViewController.swift */,
				EF6D2C552B87F46700A1C2E7 /* ShortInfoViewController.swift */,
				EF6D2C572B87F49400A1C2E7 /* BiographyViewController.swift */,
			);
			path = ViewControllers;
			sourceTree = "<group>";
		};
		EF7BB0B72B88D7F300702496 /* StoryBoards */ = {
			isa = PBXGroup;
			children = (
				EFCC353E2B8140E200FCE9C1 /* Main.storyboard */,
				EFCC35432B8140E300FCE9C1 /* LaunchScreen.storyboard */,
			);
			path = StoryBoards;
			sourceTree = "<group>";
		};
		EF7BB0B82B88D82E00702496 /* Extention */ = {
			isa = PBXGroup;
			children = (
				EF0E8EE92B854E2C001B5DFF /* extention + UITextField.swift */,
				EF32A7D72B834E8C002C7B73 /* extention + LoginViewController.swift */,
				EF6D2C532B87F2D600A1C2E7 /* extention + ViewController.swift */,
			);
			path = Extention;
			sourceTree = "<group>";
		};
		EF7BB0B92B88D89C00702496 /* App */ = {
			isa = PBXGroup;
			children = (
				EFCC35382B8140E200FCE9C1 /* AppDelegate.swift */,
				EFCC353A2B8140E200FCE9C1 /* SceneDelegate.swift */,
				EFCC35462B8140E300FCE9C1 /* Info.plist */,
			);
			path = App;
			sourceTree = "<group>";
		};
		EFCC352C2B8140E200FCE9C1 = {
			isa = PBXGroup;
			children = (
				EFCC35372B8140E200FCE9C1 /* HW2-Bio */,
				EFCC35362B8140E200FCE9C1 /* Products */,
			);
			sourceTree = "<group>";
		};
		EFCC35362B8140E200FCE9C1 /* Products */ = {
			isa = PBXGroup;
			children = (
				EFCC35352B8140E200FCE9C1 /* HW2-Bio.app */,
			);
			name = Products;
			sourceTree = "<group>";
		};
		EFCC35372B8140E200FCE9C1 /* HW2-Bio */ = {
			isa = PBXGroup;
			children = (
				EF7BB0B52B88D7C400702496 /* Models */,
				EF7BB0B62B88D7DB00702496 /* ViewControllers */,
				EF7BB0B72B88D7F300702496 /* StoryBoards */,
				EFCC35412B8140E300FCE9C1 /* Assets.xcassets */,
				EF7BB0B92B88D89C00702496 /* App */,
			);
			path = "HW2-Bio";
			sourceTree = "<group>";
		};
/* End PBXGroup section */

/* Begin PBXNativeTarget section */
		EFCC35342B8140E200FCE9C1 /* HW2-Bio */ = {
			isa = PBXNativeTarget;
			buildConfigurationList = EFCC35492B8140E300FCE9C1 /* Build configuration list for PBXNativeTarget "HW2-Bio" */;
			buildPhases = (
				EFCC35312B8140E200FCE9C1 /* Sources */,
				EFCC35322B8140E200FCE9C1 /* Frameworks */,
				EFCC35332B8140E200FCE9C1 /* Resources */,
			);
			buildRules = (
			);
			dependencies = (
			);
			name = "HW2-Bio";
			productName = "HW2-6";
			productReference = EFCC35352B8140E200FCE9C1 /* HW2-Bio.app */;
			productType = "com.apple.product-type.application";
		};
/* End PBXNativeTarget section */

/* Begin PBXProject section */
		EFCC352D2B8140E200FCE9C1 /* Project object */ = {
			isa = PBXProject;
			attributes = {
				BuildIndependentTargetsInParallel = 1;
				LastSwiftUpdateCheck = 1520;
				LastUpgradeCheck = 1520;
				TargetAttributes = {
					EFCC35342B8140E200FCE9C1 = {
						CreatedOnToolsVersion = 15.2;
					};
				};
			};
			buildConfigurationList = EFCC35302B8140E200FCE9C1 /* Build configuration list for PBXProject "HW2-Bio" */;
			compatibilityVersion = "Xcode 14.0";
			developmentRegion = en;
			hasScannedForEncodings = 0;
			knownRegions = (
				en,
				Base,
			);
			mainGroup = EFCC352C2B8140E200FCE9C1;
			productRefGroup = EFCC35362B8140E200FCE9C1 /* Products */;
			projectDirPath = "";
			projectRoot = "";
			targets = (
				EFCC35342B8140E200FCE9C1 /* HW2-Bio */,
			);
		};
/* End PBXProject section */

/* Begin PBXResourcesBuildPhase section */
		EFCC35332B8140E200FCE9C1 /* Resources */ = {
			isa = PBXResourcesBuildPhase;
			buildActionMask = 2147483647;
			files = (
				EFCC35452B8140E300FCE9C1 /* LaunchScreen.storyboard in Resources */,
				EFCC35422B8140E300FCE9C1 /* Assets.xcassets in Resources */,
				EFCC35402B8140E200FCE9C1 /* Main.storyboard in Resources */,
			);
			runOnlyForDeploymentPostprocessing = 0;
		};
/* End PBXResourcesBuildPhase section */

/* Begin PBXSourcesBuildPhase section */
		EFCC35312B8140E200FCE9C1 /* Sources */ = {
			isa = PBXSourcesBuildPhase;
			buildActionMask = 2147483647;
			files = (
				EFCC353D2B8140E200FCE9C1 /* LoginViewController.swift in Sources */,
				EF6D2C562B87F46700A1C2E7 /* ShortInfoViewController.swift in Sources */,
				EF3B56A42B828715002133A3 /* WelcomeViewController.swift in Sources */,
				EFCC35392B8140E200FCE9C1 /* AppDelegate.swift in Sources */,
				EF6D2C582B87F49400A1C2E7 /* BiographyViewController.swift in Sources */,
				EF6D2C5C2B880C7200A1C2E7 /* WelcomeTabBarViewController.swift in Sources */,
				EF32A7D82B834E8C002C7B73 /* extention + LoginViewController.swift in Sources */,
				EF6D2C542B87F2D600A1C2E7 /* extention + ViewController.swift in Sources */,
				EF0E8EEA2B854E2C001B5DFF /* extention + UITextField.swift in Sources */,
				EFCC353B2B8140E200FCE9C1 /* SceneDelegate.swift in Sources */,
				EF0E8F0E2B866F7D001B5DFF /* User.swift in Sources */,
			);
			runOnlyForDeploymentPostprocessing = 0;
		};
/* End PBXSourcesBuildPhase section */

/* Begin PBXVariantGroup section */
		EFCC353E2B8140E200FCE9C1 /* Main.storyboard */ = {
			isa = PBXVariantGroup;
			children = (
				EFCC353F2B8140E200FCE9C1 /* Base */,
			);
			name = Main.storyboard;
			sourceTree = "<group>";
		};
		EFCC35432B8140E300FCE9C1 /* LaunchScreen.storyboard */ = {
			isa = PBXVariantGroup;
			children = (
				EFCC35442B8140E300FCE9C1 /* Base */,
			);
			name = LaunchScreen.storyboard;
			sourceTree = "<group>";
		};
/* End PBXVariantGroup section */

/* Begin XCBuildConfiguration section */
		EFCC35472B8140E300FCE9C1 /* Debug */ = {
			isa = XCBuildConfiguration;
			buildSettings = {
				ALWAYS_SEARCH_USER_PATHS = NO;
				ASSETCATALOG_COMPILER_GENERATE_SWIFT_ASSET_SYMBOL_EXTENSIONS = YES;
				CLANG_ANALYZER_NONNULL = YES;
				CLANG_ANALYZER_NUMBER_OBJECT_CONVERSION = YES_AGGRESSIVE;
				CLANG_CXX_LANGUAGE_STANDARD = "gnu++20";
				CLANG_ENABLE_MODULES = YES;
				CLANG_ENABLE_OBJC_ARC = YES;
				CLANG_ENABLE_OBJC_WEAK = YES;
				CLANG_WARN_BLOCK_CAPTURE_AUTORELEASING = YES;
				CLANG_WARN_BOOL_CONVERSION = YES;
				CLANG_WARN_COMMA = YES;
				CLANG_WARN_CONSTANT_CONVERSION = YES;
				CLANG_WARN_DEPRECATED_OBJC_IMPLEMENTATIONS = YES;
				CLANG_WARN_DIRECT_OBJC_ISA_USAGE = YES_ERROR;
				CLANG_WARN_DOCUMENTATION_COMMENTS = YES;
				CLANG_WARN_EMPTY_BODY = YES;
				CLANG_WARN_ENUM_CONVERSION = YES;
				CLANG_WARN_INFINITE_RECURSION = YES;
				CLANG_WARN_INT_CONVERSION = YES;
				CLANG_WARN_NON_LITERAL_NULL_CONVERSION = YES;
				CLANG_WARN_OBJC_IMPLICIT_RETAIN_SELF = YES;
				CLANG_WARN_OBJC_LITERAL_CONVERSION = YES;
				CLANG_WARN_OBJC_ROOT_CLASS = YES_ERROR;
				CLANG_WARN_QUOTED_INCLUDE_IN_FRAMEWORK_HEADER = YES;
				CLANG_WARN_RANGE_LOOP_ANALYSIS = YES;
				CLANG_WARN_STRICT_PROTOTYPES = YES;
				CLANG_WARN_SUSPICIOUS_MOVE = YES;
				CLANG_WARN_UNGUARDED_AVAILABILITY = YES_AGGRESSIVE;
				CLANG_WARN_UNREACHABLE_CODE = YES;
				CLANG_WARN__DUPLICATE_METHOD_MATCH = YES;
				COPY_PHASE_STRIP = NO;
				DEBUG_INFORMATION_FORMAT = dwarf;
				ENABLE_STRICT_OBJC_MSGSEND = YES;
				ENABLE_TESTABILITY = YES;
				ENABLE_USER_SCRIPT_SANDBOXING = YES;
				GCC_C_LANGUAGE_STANDARD = gnu17;
				GCC_DYNAMIC_NO_PIC = NO;
				GCC_NO_COMMON_BLOCKS = YES;
				GCC_OPTIMIZATION_LEVEL = 0;
				GCC_PREPROCESSOR_DEFINITIONS = (
					"DEBUG=1",
					"$(inherited)",
				);
				GCC_WARN_64_TO_32_BIT_CONVERSION = YES;
				GCC_WARN_ABOUT_RETURN_TYPE = YES_ERROR;
				GCC_WARN_UNDECLARED_SELECTOR = YES;
				GCC_WARN_UNINITIALIZED_AUTOS = YES_AGGRESSIVE;
				GCC_WARN_UNUSED_FUNCTION = YES;
				GCC_WARN_UNUSED_VARIABLE = YES;
				IPHONEOS_DEPLOYMENT_TARGET = 17.2;
				LOCALIZATION_PREFERS_STRING_CATALOGS = YES;
				MTL_ENABLE_DEBUG_INFO = INCLUDE_SOURCE;
				MTL_FAST_MATH = YES;
				ONLY_ACTIVE_ARCH = YES;
				SDKROOT = iphoneos;
				SWIFT_ACTIVE_COMPILATION_CONDITIONS = "DEBUG $(inherited)";
				SWIFT_OPTIMIZATION_LEVEL = "-Onone";
			};
			name = Debug;
		};
		EFCC35482B8140E300FCE9C1 /* Release */ = {
			isa = XCBuildConfiguration;
			buildSettings = {
				ALWAYS_SEARCH_USER_PATHS = NO;
				ASSETCATALOG_COMPILER_GENERATE_SWIFT_ASSET_SYMBOL_EXTENSIONS = YES;
				CLANG_ANALYZER_NONNULL = YES;
				CLANG_ANALYZER_NUMBER_OBJECT_CONVERSION = YES_AGGRESSIVE;
				CLANG_CXX_LANGUAGE_STANDARD = "gnu++20";
				CLANG_ENABLE_MODULES = YES;
				CLANG_ENABLE_OBJC_ARC = YES;
				CLANG_ENABLE_OBJC_WEAK = YES;
				CLANG_WARN_BLOCK_CAPTURE_AUTORELEASING = YES;
				CLANG_WARN_BOOL_CONVERSION = YES;
				CLANG_WARN_COMMA = YES;
				CLANG_WARN_CONSTANT_CONVERSION = YES;
				CLANG_WARN_DEPRECATED_OBJC_IMPLEMENTATIONS = YES;
				CLANG_WARN_DIRECT_OBJC_ISA_USAGE = YES_ERROR;
				CLANG_WARN_DOCUMENTATION_COMMENTS = YES;
				CLANG_WARN_EMPTY_BODY = YES;
				CLANG_WARN_ENUM_CONVERSION = YES;
				CLANG_WARN_INFINITE_RECURSION = YES;
				CLANG_WARN_INT_CONVERSION = YES;
				CLANG_WARN_NON_LITERAL_NULL_CONVERSION = YES;
				CLANG_WARN_OBJC_IMPLICIT_RETAIN_SELF = YES;
				CLANG_WARN_OBJC_LITERAL_CONVERSION = YES;
				CLANG_WARN_OBJC_ROOT_CLASS = YES_ERROR;
				CLANG_WARN_QUOTED_INCLUDE_IN_FRAMEWORK_HEADER = YES;
				CLANG_WARN_RANGE_LOOP_ANALYSIS = YES;
				CLANG_WARN_STRICT_PROTOTYPES = YES;
				CLANG_WARN_SUSPICIOUS_MOVE = YES;
				CLANG_WARN_UNGUARDED_AVAILABILITY = YES_AGGRESSIVE;
				CLANG_WARN_UNREACHABLE_CODE = YES;
				CLANG_WARN__DUPLICATE_METHOD_MATCH = YES;
				COPY_PHASE_STRIP = NO;
				DEBUG_INFORMATION_FORMAT = "dwarf-with-dsym";
				ENABLE_NS_ASSERTIONS = NO;
				ENABLE_STRICT_OBJC_MSGSEND = YES;
				ENABLE_USER_SCRIPT_SANDBOXING = YES;
				GCC_C_LANGUAGE_STANDARD = gnu17;
				GCC_NO_COMMON_BLOCKS = YES;
				GCC_WARN_64_TO_32_BIT_CONVERSION = YES;
				GCC_WARN_ABOUT_RETURN_TYPE = YES_ERROR;
				GCC_WARN_UNDECLARED_SELECTOR = YES;
				GCC_WARN_UNINITIALIZED_AUTOS = YES_AGGRESSIVE;
				GCC_WARN_UNUSED_FUNCTION = YES;
				GCC_WARN_UNUSED_VARIABLE = YES;
				IPHONEOS_DEPLOYMENT_TARGET = 17.2;
				LOCALIZATION_PREFERS_STRING_CATALOGS = YES;
				MTL_ENABLE_DEBUG_INFO = NO;
				MTL_FAST_MATH = YES;
				SDKROOT = iphoneos;
				SWIFT_COMPILATION_MODE = wholemodule;
				VALIDATE_PRODUCT = YES;
			};
			name = Release;
		};
		EFCC354A2B8140E300FCE9C1 /* Debug */ = {
			isa = XCBuildConfiguration;
			buildSettings = {
				ASSETCATALOG_COMPILER_APPICON_NAME = AppIcon;
				ASSETCATALOG_COMPILER_GLOBAL_ACCENT_COLOR_NAME = AccentColor;
				CODE_SIGN_STYLE = Automatic;
				CURRENT_PROJECT_VERSION = 1;
				DEVELOPMENT_TEAM = QQ69DYWC4W;
				GENERATE_INFOPLIST_FILE = YES;
				INFOPLIST_FILE = "HW2-Bio/App/Info.plist";
				INFOPLIST_KEY_UIApplicationSupportsIndirectInputEvents = YES;
				INFOPLIST_KEY_UILaunchStoryboardName = LaunchScreen;
				INFOPLIST_KEY_UIMainStoryboardFile = Main;
				INFOPLIST_KEY_UISupportedInterfaceOrientations = "UIInterfaceOrientationLandscapeLeft UIInterfaceOrientationLandscapeRight UIInterfaceOrientationPortrait UIInterfaceOrientationPortraitUpsideDown";
				IPHONEOS_DEPLOYMENT_TARGET = 16.0;
				LD_RUNPATH_SEARCH_PATHS = (
					"$(inherited)",
					"@executable_path/Frameworks",
				);
				MARKETING_VERSION = 1.0;
				PRODUCT_BUNDLE_IDENTIFIER = "pavel.dolgopolov.HW2-6";
				PRODUCT_NAME = "$(TARGET_NAME)";
				SUPPORTED_PLATFORMS = "iphoneos iphonesimulator";
				SUPPORTS_MACCATALYST = NO;
				SUPPORTS_MAC_DESIGNED_FOR_IPHONE_IPAD = NO;
				SUPPORTS_XR_DESIGNED_FOR_IPHONE_IPAD = NO;
				SWIFT_EMIT_LOC_STRINGS = YES;
				SWIFT_VERSION = 5.0;
				TARGETED_DEVICE_FAMILY = 1;
			};
			name = Debug;
		};
		EFCC354B2B8140E300FCE9C1 /* Release */ = {
			isa = XCBuildConfiguration;
			buildSettings = {
				ASSETCATALOG_COMPILER_APPICON_NAME = AppIcon;
				ASSETCATALOG_COMPILER_GLOBAL_ACCENT_COLOR_NAME = AccentColor;
				CODE_SIGN_STYLE = Automatic;
				CURRENT_PROJECT_VERSION = 1;
				DEVELOPMENT_TEAM = QQ69DYWC4W;
				GENERATE_INFOPLIST_FILE = YES;
				INFOPLIST_FILE = "HW2-Bio/App/Info.plist";
				INFOPLIST_KEY_UIApplicationSupportsIndirectInputEvents = YES;
				INFOPLIST_KEY_UILaunchStoryboardName = LaunchScreen;
				INFOPLIST_KEY_UIMainStoryboardFile = Main;
				INFOPLIST_KEY_UISupportedInterfaceOrientations = "UIInterfaceOrientationLandscapeLeft UIInterfaceOrientationLandscapeRight UIInterfaceOrientationPortrait UIInterfaceOrientationPortraitUpsideDown";
				IPHONEOS_DEPLOYMENT_TARGET = 16.0;
				LD_RUNPATH_SEARCH_PATHS = (
					"$(inherited)",
					"@executable_path/Frameworks",
				);
				MARKETING_VERSION = 1.0;
				PRODUCT_BUNDLE_IDENTIFIER = "pavel.dolgopolov.HW2-6";
				PRODUCT_NAME = "$(TARGET_NAME)";
				SUPPORTED_PLATFORMS = "iphoneos iphonesimulator";
				SUPPORTS_MACCATALYST = NO;
				SUPPORTS_MAC_DESIGNED_FOR_IPHONE_IPAD = NO;
				SUPPORTS_XR_DESIGNED_FOR_IPHONE_IPAD = NO;
				SWIFT_EMIT_LOC_STRINGS = YES;
				SWIFT_VERSION = 5.0;
				TARGETED_DEVICE_FAMILY = 1;
			};
			name = Release;
		};
/* End XCBuildConfiguration section */

/* Begin XCConfigurationList section */
		EFCC35302B8140E200FCE9C1 /* Build configuration list for PBXProject "HW2-Bio" */ = {
			isa = XCConfigurationList;
			buildConfigurations = (
				EFCC35472B8140E300FCE9C1 /* Debug */,
				EFCC35482B8140E300FCE9C1 /* Release */,
			);
			defaultConfigurationIsVisible = 0;
			defaultConfigurationName = Release;
		};
		EFCC35492B8140E300FCE9C1 /* Build configuration list for PBXNativeTarget "HW2-Bio" */ = {
			isa = XCConfigurationList;
			buildConfigurations = (
				EFCC354A2B8140E300FCE9C1 /* Debug */,
				EFCC354B2B8140E300FCE9C1 /* Release */,
			);
			defaultConfigurationIsVisible = 0;
			defaultConfigurationName = Release;
		};
/* End XCConfigurationList section */
	};
	rootObject = EFCC352D2B8140E200FCE9C1 /* Project object */;
}
